
Microsoft Visual Studio Solution File, Format Version 11.00
# Visual Studio 2010
# SharpDevelop 5.1
Project("{FAE04EC0-301F-11D3-BF4B-00C04F79EFBC}") = "LovoldozosJatek", "LovoldozosJatek.csproj", "{865A78EF-6721-4012-99BA-8C7D6DA0B47B}"
EndProject
Global
	GlobalSection(SolutionConfigurationPlatforms) = preSolution
		Debug|Any CPU = Debug|Any CPU
		Release|Any CPU = Release|Any CPU
	EndGlobalSection
	GlobalSection(ProjectConfigurationPlatforms) = postSolution
		{865A78EF-6721-4012-99BA-8C7D6DA0B47B}.Debug|Any CPU.ActiveCfg = Debug|Any CPU
		{865A78EF-6721-4012-99BA-8C7D6DA0B47B}.Debug|Any CPU.Build.0 = Debug|Any CPU
		{865A78EF-6721-4012-99BA-8C7D6DA0B47B}.Release|Any CPU.ActiveCfg = Release|Any CPU
		{865A78EF-6721-4012-99BA-8C7D6DA0B47B}.Release|Any CPU.Build.0 = Release|Any CPU
	EndGlobalSection
EndGlobal
